
Microsoft Visual Studio Solution File, Format Version 12.00
# Visual Studio Version 17
VisualStudioVersion = 17.10.35122.118
MinimumVisualStudioVersion = 10.0.40219.1
Project("{FAE04EC0-301F-11D3-BF4B-00C04F79EFBC}") = "ConsoleApp1", "ConsoleApp1.csproj", "{70F701A0-BDB2-4405-BD60-4026FAF28796}"
EndProject
Global
	GlobalSection(SolutionConfigurationPlatforms) = preSolution
		Debug|Any CPU = Debug|Any CPU
		Release|Any CPU = Release|Any CPU
	EndGlobalSection
	GlobalSection(ProjectConfigurationPlatforms) = postSolution
		{70F701A0-BDB2-4405-BD60-4026FAF28796}.Debug|Any CPU.ActiveCfg = Debug|Any CPU
		{70F701A0-BDB2-4405-BD60-4026FAF28796}.Debug|Any CPU.Build.0 = Debug|Any CPU
		{70F701A0-BDB2-4405-BD60-4026FAF28796}.Release|Any CPU.ActiveCfg = Release|Any CPU
		{70F701A0-BDB2-4405-BD60-4026FAF28796}.Release|Any CPU.Build.0 = Release|Any CPU
	EndGlobalSection
	GlobalSection(SolutionProperties) = preSolution
		HideSolutionNode = FALSE
	EndGlobalSection
	GlobalSection(ExtensibilityGlobals) = postSolution
		SolutionGuid = {295BB109-12B1-4800-8C51-288429369B04}
	EndGlobalSection
EndGlobal
